// !$*UTF8*$!
{
	archiveVersion = 1;
	classes = {
	};
	objectVersion = 48;
	objects = {

/* Begin PBXBuildFile section */
		CA6A42AF1FA256AA00CC5DDE /* AppDelegate.swift in Sources */ = {isa = PBXBuildFile; fileRef = CA6A42AE1FA256AA00CC5DDE /* AppDelegate.swift */; };
		CA6A42B11FA256AA00CC5DDE /* ViewController.swift in Sources */ = {isa = PBXBuildFile; fileRef = CA6A42B01FA256AA00CC5DDE /* ViewController.swift */; };
		CA6A42B41FA256AA00CC5DDE /* Main.storyboard in Resources */ = {isa = PBXBuildFile; fileRef = CA6A42B21FA256AA00CC5DDE /* Main.storyboard */; };
		CA6A42B61FA256AA00CC5DDE /* Assets.xcassets in Resources */ = {isa = PBXBuildFile; fileRef = CA6A42B51FA256AA00CC5DDE /* Assets.xcassets */; };
		CA6A42B91FA256AA00CC5DDE /* LaunchScreen.storyboard in Resources */ = {isa = PBXBuildFile; fileRef = CA6A42B71FA256AA00CC5DDE /* LaunchScreen.storyboard */; };
		CA6A42D41FA25B3E00CC5DDE /* CreativityController.swift in Sources */ = {isa = PBXBuildFile; fileRef = CA6A42D31FA25B3E00CC5DDE /* CreativityController.swift */; };
		CA6A42D61FA25B4F00CC5DDE /* AbstrationController.swift in Sources */ = {isa = PBXBuildFile; fileRef = CA6A42D51FA25B4F00CC5DDE /* AbstrationController.swift */; };
		CA6A42D81FA25B5C00CC5DDE /* DataandInformationController.swift in Sources */ = {isa = PBXBuildFile; fileRef = CA6A42D71FA25B5C00CC5DDE /* DataandInformationController.swift */; };
		CA6A42DA1FA25B6E00CC5DDE /* AlgorithmsController.swift in Sources */ = {isa = PBXBuildFile; fileRef = CA6A42D91FA25B6E00CC5DDE /* AlgorithmsController.swift */; };
		CA6A42DC1FA25B7900CC5DDE /* ProgrammingController.swift in Sources */ = {isa = PBXBuildFile; fileRef = CA6A42DB1FA25B7900CC5DDE /* ProgrammingController.swift */; };
		CA6A42DE1FA25B8800CC5DDE /* TheInternetController.swift in Sources */ = {isa = PBXBuildFile; fileRef = CA6A42DD1FA25B8800CC5DDE /* TheInternetController.swift */; };
		CA6A42E01FA25B9F00CC5DDE /* GlobalImpactController.swift in Sources */ = {isa = PBXBuildFile; fileRef = CA6A42DF1FA25B9F00CC5DDE /* GlobalImpactController.swift */; };
/* End PBXBuildFile section */

/* Begin PBXFileReference section */
		CA6A42AB1FA256AA00CC5DDE /* Jian_CSP.app */ = {isa = PBXFileReference; explicitFileType = wrapper.application; includeInIndex = 0; path = Jian_CSP.app; sourceTree = BUILT_PRODUCTS_DIR; };
		CA6A42AE1FA256AA00CC5DDE /* AppDelegate.swift */ = {isa = PBXFileReference; lastKnownFileType = sourcecode.swift; path = AppDelegate.swift; sourceTree = "<group>"; };
		CA6A42B01FA256AA00CC5DDE /* ViewController.swift */ = {isa = PBXFileReference; lastKnownFileType = sourcecode.swift; path = ViewController.swift; sourceTree = "<group>"; };
		CA6A42B31FA256AA00CC5DDE /* Base */ = {isa = PBXFileReference; lastKnownFileType = file.storyboard; name = Base; path = Base.lproj/Main.storyboard; sourceTree = "<group>"; };
		CA6A42B51FA256AA00CC5DDE /* Assets.xcassets */ = {isa = PBXFileReference; lastKnownFileType = folder.assetcatalog; path = Assets.xcassets; sourceTree = "<group>"; };
		CA6A42B81FA256AA00CC5DDE /* Base */ = {isa = PBXFileReference; lastKnownFileType = file.storyboard; name = Base; path = Base.lproj/LaunchScreen.storyboard; sourceTree = "<group>"; };
		CA6A42BA1FA256AA00CC5DDE /* Info.plist */ = {isa = PBXFileReference; lastKnownFileType = text.plist.xml; path = Info.plist; sourceTree = "<group>"; };
		CA6A42D31FA25B3E00CC5DDE /* CreativityController.swift */ = {isa = PBXFileReference; lastKnownFileType = sourcecode.swift; path = CreativityController.swift; sourceTree = "<group>"; };
		CA6A42D51FA25B4F00CC5DDE /* AbstrationController.swift */ = {isa = PBXFileReference; lastKnownFileType = sourcecode.swift; path = AbstrationController.swift; sourceTree = "<group>"; };
		CA6A42D71FA25B5C00CC5DDE /* DataandInformationController.swift */ = {isa = PBXFileReference; lastKnownFileType = sourcecode.swift; path = DataandInformationController.swift; sourceTree = "<group>"; };
		CA6A42D91FA25B6E00CC5DDE /* AlgorithmsController.swift */ = {isa = PBXFileReference; lastKnownFileType = sourcecode.swift; path = AlgorithmsController.swift; sourceTree = "<group>"; };
		CA6A42DB1FA25B7900CC5DDE /* ProgrammingController.swift */ = {isa = PBXFileReference; lastKnownFileType = sourcecode.swift; path = ProgrammingController.swift; sourceTree = "<group>"; };
		CA6A42DD1FA25B8800CC5DDE /* TheInternetController.swift */ = {isa = PBXFileReference; lastKnownFileType = sourcecode.swift; path = TheInternetController.swift; sourceTree = "<group>"; };
		CA6A42DF1FA25B9F00CC5DDE /* GlobalImpactController.swift */ = {isa = PBXFileReference; lastKnownFileType = sourcecode.swift; path = GlobalImpactController.swift; sourceTree = "<group>"; };
/* End PBXFileReference section */

/* Begin PBXFrameworksBuildPhase section */
		CA6A42A81FA256AA00CC5DDE /* Frameworks */ = {
			isa = PBXFrameworksBuildPhase;
			buildActionMask = 2147483647;
			files = (
			);
			runOnlyForDeploymentPostprocessing = 0;
		};
/* End PBXFrameworksBuildPhase section */

/* Begin PBXGroup section */
		CA6A42A21FA256AA00CC5DDE = {
			isa = PBXGroup;
			children = (
				CA6A42AD1FA256AA00CC5DDE /* Jian_CSP */,
				CA6A42AC1FA256AA00CC5DDE /* Products */,
			);
			sourceTree = "<group>";
		};
		CA6A42AC1FA256AA00CC5DDE /* Products */ = {
			isa = PBXGroup;
			children = (
				CA6A42AB1FA256AA00CC5DDE /* Jian_CSP.app */,
			);
			name = Products;
			sourceTree = "<group>";
		};
		CA6A42AD1FA256AA00CC5DDE /* Jian_CSP */ = {
			isa = PBXGroup;
			children = (
				CA6A42C31FA2589000CC5DDE /* Resources */,
				CA6A42C21FA2588500CC5DDE /* Model */,
				CA6A42C11FA2587800CC5DDE /* View */,
				CA6A42C01FA2586000CC5DDE /* Controller */,
			);
			path = Jian_CSP;
			sourceTree = "<group>";
		};
		CA6A42C01FA2586000CC5DDE /* Controller */ = {
			isa = PBXGroup;
			children = (
				CA6A42B01FA256AA00CC5DDE /* ViewController.swift */,
				CA6A42AE1FA256AA00CC5DDE /* AppDelegate.swift */,
				CA6A42D31FA25B3E00CC5DDE /* CreativityController.swift */,
				CA6A42D51FA25B4F00CC5DDE /* AbstrationController.swift */,
				CA6A42D71FA25B5C00CC5DDE /* DataandInformationController.swift */,
				CA6A42D91FA25B6E00CC5DDE /* AlgorithmsController.swift */,
				CA6A42DB1FA25B7900CC5DDE /* ProgrammingController.swift */,
				CA6A42DD1FA25B8800CC5DDE /* TheInternetController.swift */,
				CA6A42DF1FA25B9F00CC5DDE /* GlobalImpactController.swift */,
			);
			path = Controller;
			sourceTree = "<group>";
		};
		CA6A42C11FA2587800CC5DDE /* View */ = {
			isa = PBXGroup;
			children = (
				CA6A42B21FA256AA00CC5DDE /* Main.storyboard */,
				CA6A42B71FA256AA00CC5DDE /* LaunchScreen.storyboard */,
			);
			path = View;
			sourceTree = "<group>";
		};
		CA6A42C21FA2588500CC5DDE /* Model */ = {
			isa = PBXGroup;
			children = (
			);
			path = Model;
			sourceTree = "<group>";
		};
		CA6A42C31FA2589000CC5DDE /* Resources */ = {
			isa = PBXGroup;
			children = (
				CA6A42BA1FA256AA00CC5DDE /* Info.plist */,
				CA6A42B51FA256AA00CC5DDE /* Assets.xcassets */,
			);
			path = Resources;
			sourceTree = "<group>";
		};
/* End PBXGroup section */

/* Begin PBXNativeTarget section */
		CA6A42AA1FA256AA00CC5DDE /* Jian_CSP */ = {
			isa = PBXNativeTarget;
			buildConfigurationList = CA6A42BD1FA256AA00CC5DDE /* Build configuration list for PBXNativeTarget "Jian_CSP" */;
			buildPhases = (
				CA6A42A71FA256AA00CC5DDE /* Sources */,
				CA6A42A81FA256AA00CC5DDE /* Frameworks */,
				CA6A42A91FA256AA00CC5DDE /* Resources */,
			);
			buildRules = (
			);
			dependencies = (
			);
			name = Jian_CSP;
			productName = Jian_CSP;
			productReference = CA6A42AB1FA256AA00CC5DDE /* Jian_CSP.app */;
			productType = "com.apple.product-type.application";
		};
/* End PBXNativeTarget section */

/* Begin PBXProject section */
		CA6A42A31FA256AA00CC5DDE /* Project object */ = {
			isa = PBXProject;
			attributes = {
				LastSwiftUpdateCheck = 0900;
				LastUpgradeCheck = 0900;
				ORGANIZATIONNAME = CTEC;
				TargetAttributes = {
					CA6A42AA1FA256AA00CC5DDE = {
						CreatedOnToolsVersion = 9.0;
						ProvisioningStyle = Automatic;
					};
				};
			};
			buildConfigurationList = CA6A42A61FA256AA00CC5DDE /* Build configuration list for PBXProject "Jian_CSP" */;
			compatibilityVersion = "Xcode 8.0";
			developmentRegion = en;
			hasScannedForEncodings = 0;
			knownRegions = (
				en,
				Base,
			);
			mainGroup = CA6A42A21FA256AA00CC5DDE;
			productRefGroup = CA6A42AC1FA256AA00CC5DDE /* Products */;
			projectDirPath = "";
			projectRoot = "";
			targets = (
				CA6A42AA1FA256AA00CC5DDE /* Jian_CSP */,
			);
		};
/* End PBXProject section */

/* Begin PBXResourcesBuildPhase section */
		CA6A42A91FA256AA00CC5DDE /* Resources */ = {
			isa = PBXResourcesBuildPhase;
			buildActionMask = 2147483647;
			files = (
				CA6A42B91FA256AA00CC5DDE /* LaunchScreen.storyboard in Resources */,
				CA6A42B61FA256AA00CC5DDE /* Assets.xcassets in Resources */,
				CA6A42B41FA256AA00CC5DDE /* Main.storyboard in Resources */,
			);
			runOnlyForDeploymentPostprocessing = 0;
		};
/* End PBXResourcesBuildPhase section */

/* Begin PBXSourcesBuildPhase section */
		CA6A42A71FA256AA00CC5DDE /* Sources */ = {
			isa = PBXSourcesBuildPhase;
			buildActionMask = 2147483647;
			files = (
				CA6A42D41FA25B3E00CC5DDE /* CreativityController.swift in Sources */,
				CA6A42B11FA256AA00CC5DDE /* ViewController.swift in Sources */,
				CA6A42AF1FA256AA00CC5DDE /* AppDelegate.swift in Sources */,
				CA6A42DC1FA25B7900CC5DDE /* ProgrammingController.swift in Sources */,
				CA6A42DA1FA25B6E00CC5DDE /* AlgorithmsController.swift in Sources */,
				CA6A42DE1FA25B8800CC5DDE /* TheInternetController.swift in Sources */,
				CA6A42D61FA25B4F00CC5DDE /* AbstrationController.swift in Sources */,
				CA6A42D81FA25B5C00CC5DDE /* DataandInformationController.swift in Sources */,
				CA6A42E01FA25B9F00CC5DDE /* GlobalImpactController.swift in Sources */,
			);
			runOnlyForDeploymentPostprocessing = 0;
		};
/* End PBXSourcesBuildPhase section */

/* Begin PBXVariantGroup section */
		CA6A42B21FA256AA00CC5DDE /* Main.storyboard */ = {
			isa = PBXVariantGroup;
			children = (
				CA6A42B31FA256AA00CC5DDE /* Base */,
			);
			name = Main.storyboard;
			sourceTree = "<group>";
		};
		CA6A42B71FA256AA00CC5DDE /* LaunchScreen.storyboard */ = {
			isa = PBXVariantGroup;
			children = (
				CA6A42B81FA256AA00CC5DDE /* Base */,
			);
			name = LaunchScreen.storyboard;
			sourceTree = "<group>";
		};
/* End PBXVariantGroup section */

/* Begin XCBuildConfiguration section */
		CA6A42BB1FA256AA00CC5DDE /* Debug */ = {
			isa = XCBuildConfiguration;
			buildSettings = {
				ALWAYS_SEARCH_USER_PATHS = NO;
				CLANG_ANALYZER_NONNULL = YES;
				CLANG_ANALYZER_NUMBER_OBJECT_CONVERSION = YES_AGGRESSIVE;
				CLANG_CXX_LANGUAGE_STANDARD = "gnu++14";
				CLANG_CXX_LIBRARY = "libc++";
				CLANG_ENABLE_MODULES = YES;
				CLANG_ENABLE_OBJC_ARC = YES;
				CLANG_WARN_BLOCK_CAPTURE_AUTORELEASING = YES;
				CLANG_WARN_BOOL_CONVERSION = YES;
				CLANG_WARN_COMMA = YES;
				CLANG_WARN_CONSTANT_CONVERSION = YES;
				CLANG_WARN_DIRECT_OBJC_ISA_USAGE = YES_ERROR;
				CLANG_WARN_DOCUMENTATION_COMMENTS = YES;
				CLANG_WARN_EMPTY_BODY = YES;
				CLANG_WARN_ENUM_CONVERSION = YES;
				CLANG_WARN_INFINITE_RECURSION = YES;
				CLANG_WARN_INT_CONVERSION = YES;
				CLANG_WARN_NON_LITERAL_NULL_CONVERSION = YES;
				CLANG_WARN_OBJC_LITERAL_CONVERSION = YES;
				CLANG_WARN_OBJC_ROOT_CLASS = YES_ERROR;
				CLANG_WARN_RANGE_LOOP_ANALYSIS = YES;
				CLANG_WARN_STRICT_PROTOTYPES = YES;
				CLANG_WARN_SUSPICIOUS_MOVE = YES;
				CLANG_WARN_UNGUARDED_AVAILABILITY = YES_AGGRESSIVE;
				CLANG_WARN_UNREACHABLE_CODE = YES;
				CLANG_WARN__DUPLICATE_METHOD_MATCH = YES;
				CODE_SIGN_IDENTITY = "iPhone Developer";
				COPY_PHASE_STRIP = NO;
				DEBUG_INFORMATION_FORMAT = dwarf;
				ENABLE_STRICT_OBJC_MSGSEND = YES;
				ENABLE_TESTABILITY = YES;
				GCC_C_LANGUAGE_STANDARD = gnu11;
				GCC_DYNAMIC_NO_PIC = NO;
				GCC_NO_COMMON_BLOCKS = YES;
				GCC_OPTIMIZATION_LEVEL = 0;
				GCC_PREPROCESSOR_DEFINITIONS = (
					"DEBUG=1",
					"$(inherited)",
				);
				GCC_WARN_64_TO_32_BIT_CONVERSION = YES;
				GCC_WARN_ABOUT_RETURN_TYPE = YES_ERROR;
				GCC_WARN_UNDECLARED_SELECTOR = YES;
				GCC_WARN_UNINITIALIZED_AUTOS = YES_AGGRESSIVE;
				GCC_WARN_UNUSED_FUNCTION = YES;
				GCC_WARN_UNUSED_VARIABLE = YES;
				IPHONEOS_DEPLOYMENT_TARGET = 11.0;
				MTL_ENABLE_DEBUG_INFO = YES;
				ONLY_ACTIVE_ARCH = YES;
				SDKROOT = iphoneos;
				SWIFT_ACTIVE_COMPILATION_CONDITIONS = DEBUG;
				SWIFT_OPTIMIZATION_LEVEL = "-Onone";
			};
			name = Debug;
		};
		CA6A42BC1FA256AA00CC5DDE /* Release */ = {
			isa = XCBuildConfiguration;
			buildSettings = {
				ALWAYS_SEARCH_USER_PATHS = NO;
				CLANG_ANALYZER_NONNULL = YES;
				CLANG_ANALYZER_NUMBER_OBJECT_CONVERSION = YES_AGGRESSIVE;
				CLANG_CXX_LANGUAGE_STANDARD = "gnu++14";
				CLANG_CXX_LIBRARY = "libc++";
				CLANG_ENABLE_MODULES = YES;
				CLANG_ENABLE_OBJC_ARC = YES;
				CLANG_WARN_BLOCK_CAPTURE_AUTORELEASING = YES;
				CLANG_WARN_BOOL_CONVERSION = YES;
				CLANG_WARN_COMMA = YES;
				CLANG_WARN_CONSTANT_CONVERSION = YES;
				CLANG_WARN_DIRECT_OBJC_ISA_USAGE = YES_ERROR;
				CLANG_WARN_DOCUMENTATION_COMMENTS = YES;
				CLANG_WARN_EMPTY_BODY = YES;
				CLANG_WARN_ENUM_CONVERSION = YES;
				CLANG_WARN_INFINITE_RECURSION = YES;
				CLANG_WARN_INT_CONVERSION = YES;
				CLANG_WARN_NON_LITERAL_NULL_CONVERSION = YES;
				CLANG_WARN_OBJC_LITERAL_CONVERSION = YES;
				CLANG_WARN_OBJC_ROOT_CLASS = YES_ERROR;
				CLANG_WARN_RANGE_LOOP_ANALYSIS = YES;
				CLANG_WARN_STRICT_PROTOTYPES = YES;
				CLANG_WARN_SUSPICIOUS_MOVE = YES;
				CLANG_WARN_UNGUARDED_AVAILABILITY = YES_AGGRESSIVE;
				CLANG_WARN_UNREACHABLE_CODE = YES;
				CLANG_WARN__DUPLICATE_METHOD_MATCH = YES;
				CODE_SIGN_IDENTITY = "iPhone Developer";
				COPY_PHASE_STRIP = NO;
				DEBUG_INFORMATION_FORMAT = "dwarf-with-dsym";
				ENABLE_NS_ASSERTIONS = NO;
				ENABLE_STRICT_OBJC_MSGSEND = YES;
				GCC_C_LANGUAGE_STANDARD = gnu11;
				GCC_NO_COMMON_BLOCKS = YES;
				GCC_WARN_64_TO_32_BIT_CONVERSION = YES;
				GCC_WARN_ABOUT_RETURN_TYPE = YES_ERROR;
				GCC_WARN_UNDECLARED_SELECTOR = YES;
				GCC_WARN_UNINITIALIZED_AUTOS = YES_AGGRESSIVE;
				GCC_WARN_UNUSED_FUNCTION = YES;
				GCC_WARN_UNUSED_VARIABLE = YES;
				IPHONEOS_DEPLOYMENT_TARGET = 11.0;
				MTL_ENABLE_DEBUG_INFO = NO;
				SDKROOT = iphoneos;
				SWIFT_OPTIMIZATION_LEVEL = "-Owholemodule";
				VALIDATE_PRODUCT = YES;
			};
			name = Release;
		};
		CA6A42BE1FA256AA00CC5DDE /* Debug */ = {
			isa = XCBuildConfiguration;
			buildSettings = {
				ASSETCATALOG_COMPILER_APPICON_NAME = AppIcon;
				CODE_SIGN_STYLE = Automatic;
				INFOPLIST_FILE = Jian_CSP/Info.plist;
				LD_RUNPATH_SEARCH_PATHS = "$(inherited) @executable_path/Frameworks";
				PRODUCT_BUNDLE_IDENTIFIER = "CTEC.Jian-CSP";
				PRODUCT_NAME = "$(TARGET_NAME)";
				SWIFT_VERSION = 4.0;
				TARGETED_DEVICE_FAMILY = "1,2";
			};
			name = Debug;
		};
		CA6A42BF1FA256AA00CC5DDE /* Release */ = {
			isa = XCBuildConfiguration;
			buildSettings = {
				ASSETCATALOG_COMPILER_APPICON_NAME = AppIcon;
				CODE_SIGN_STYLE = Automatic;
				INFOPLIST_FILE = Jian_CSP/Info.plist;
				LD_RUNPATH_SEARCH_PATHS = "$(inherited) @executable_path/Frameworks";
				PRODUCT_BUNDLE_IDENTIFIER = "CTEC.Jian-CSP";
				PRODUCT_NAME = "$(TARGET_NAME)";
				SWIFT_VERSION = 4.0;
				TARGETED_DEVICE_FAMILY = "1,2";
			};
			name = Release;
		};
/* End XCBuildConfiguration section */

/* Begin XCConfigurationList section */
		CA6A42A61FA256AA00CC5DDE /* Build configuration list for PBXProject "Jian_CSP" */ = {
			isa = XCConfigurationList;
			buildConfigurations = (
				CA6A42BB1FA256AA00CC5DDE /* Debug */,
				CA6A42BC1FA256AA00CC5DDE /* Release */,
			);
			defaultConfigurationIsVisible = 0;
			defaultConfigurationName = Release;
		};
		CA6A42BD1FA256AA00CC5DDE /* Build configuration list for PBXNativeTarget "Jian_CSP" */ = {
			isa = XCConfigurationList;
			buildConfigurations = (
				CA6A42BE1FA256AA00CC5DDE /* Debug */,
				CA6A42BF1FA256AA00CC5DDE /* Release */,
			);
			defaultConfigurationIsVisible = 0;
			defaultConfigurationName = Release;
		};
/* End XCConfigurationList section */
	};
	rootObject = CA6A42A31FA256AA00CC5DDE /* Project object */;
}
